
Microsoft Visual Studio Solution File, Format Version 12.00
# Visual Studio Version 16
VisualStudioVersion = 16.0.31025.194
MinimumVisualStudioVersion = 10.0.40219.1
Project("{9A19103F-16F7-4668-BE54-9A1E7A4F7556}") = "csharpcore", "csharpcore.csproj", "{9DD1FB65-D3C0-4F6A-A288-DAC2F456552B}"
EndProject
Global
	GlobalSection(SolutionConfigurationPlatforms) = preSolution
		Debug|Any CPU = Debug|Any CPU
		Release|Any CPU = Release|Any CPU
	EndGlobalSection
	GlobalSection(ProjectConfigurationPlatforms) = postSolution
		{9DD1FB65-D3C0-4F6A-A288-DAC2F456552B}.Debug|Any CPU.ActiveCfg = Debug|Any CPU
		{9DD1FB65-D3C0-4F6A-A288-DAC2F456552B}.Debug|Any CPU.Build.0 = Debug|Any CPU
		{9DD1FB65-D3C0-4F6A-A288-DAC2F456552B}.Release|Any CPU.ActiveCfg = Release|Any CPU
		{9DD1FB65-D3C0-4F6A-A288-DAC2F456552B}.Release|Any CPU.Build.0 = Release|Any CPU
	EndGlobalSection
	GlobalSection(SolutionProperties) = preSolution
		HideSolutionNode = FALSE
	EndGlobalSection
	GlobalSection(ExtensibilityGlobals) = postSolution
		SolutionGuid = {95D728C7-2C8A-4852-99E4-BE3F994E2909}
	EndGlobalSection
EndGlobal
